
Microsoft Visual Studio Solution File, Format Version 12.00
# Visual Studio Version 16
VisualStudioVersion = 16.0.31702.278
MinimumVisualStudioVersion = 10.0.40219.1
Project("{FAE04EC0-301F-11D3-BF4B-00C04F79EFBC}") = "Oefeningen D01", "Oefeningen D01\Oefeningen D01.csproj", "{03B165CC-D297-456E-8699-F72FFFF8E136}"
EndProject
Global
	GlobalSection(SolutionConfigurationPlatforms) = preSolution
		Debug|Any CPU = Debug|Any CPU
		Release|Any CPU = Release|Any CPU
	EndGlobalSection
	GlobalSection(ProjectConfigurationPlatforms) = postSolution
		{03B165CC-D297-456E-8699-F72FFFF8E136}.Debug|Any CPU.ActiveCfg = Debug|Any CPU
		{03B165CC-D297-456E-8699-F72FFFF8E136}.Debug|Any CPU.Build.0 = Debug|Any CPU
		{03B165CC-D297-456E-8699-F72FFFF8E136}.Release|Any CPU.ActiveCfg = Release|Any CPU
		{03B165CC-D297-456E-8699-F72FFFF8E136}.Release|Any CPU.Build.0 = Release|Any CPU
	EndGlobalSection
	GlobalSection(SolutionProperties) = preSolution
		HideSolutionNode = FALSE
	EndGlobalSection
	GlobalSection(ExtensibilityGlobals) = postSolution
		SolutionGuid = {F1D2193A-5E56-41E4-A10B-5CDF4FE975D8}
	EndGlobalSection
EndGlobal
