
Microsoft Visual Studio Solution File, Format Version 12.00
# Visual Studio Version 16
VisualStudioVersion = 16.0.31729.503
MinimumVisualStudioVersion = 10.0.40219.1
Project("{FAE04EC0-301F-11D3-BF4B-00C04F79EFBC}") = "Oefeningen D04", "Oefeningen D04\Oefeningen D04.csproj", "{7CE2F173-47DB-4262-AB7A-A18242B8702A}"
EndProject
Global
	GlobalSection(SolutionConfigurationPlatforms) = preSolution
		Debug|Any CPU = Debug|Any CPU
		Release|Any CPU = Release|Any CPU
	EndGlobalSection
	GlobalSection(ProjectConfigurationPlatforms) = postSolution
		{7CE2F173-47DB-4262-AB7A-A18242B8702A}.Debug|Any CPU.ActiveCfg = Debug|Any CPU
		{7CE2F173-47DB-4262-AB7A-A18242B8702A}.Debug|Any CPU.Build.0 = Debug|Any CPU
		{7CE2F173-47DB-4262-AB7A-A18242B8702A}.Release|Any CPU.ActiveCfg = Release|Any CPU
		{7CE2F173-47DB-4262-AB7A-A18242B8702A}.Release|Any CPU.Build.0 = Release|Any CPU
	EndGlobalSection
	GlobalSection(SolutionProperties) = preSolution
		HideSolutionNode = FALSE
	EndGlobalSection
	GlobalSection(ExtensibilityGlobals) = postSolution
		SolutionGuid = {B89069FA-D627-4F95-B459-3F31A53DFAF6}
	EndGlobalSection
EndGlobal
